
Microsoft Visual Studio Solution File, Format Version 12.00
# Visual Studio Version 16
VisualStudioVersion = 16.0.29020.237
MinimumVisualStudioVersion = 10.0.40219.1
Project("{FAE04EC0-301F-11D3-BF4B-00C04F79EFBC}") = "kalkulacka1", "kalkulacka1\kalkulacka1.csproj", "{5C37025A-7ACB-42C8-855F-878623AF725E}"
EndProject
Global
	GlobalSection(SolutionConfigurationPlatforms) = preSolution
		Debug|Any CPU = Debug|Any CPU
		Release|Any CPU = Release|Any CPU
	EndGlobalSection
	GlobalSection(ProjectConfigurationPlatforms) = postSolution
		{5C37025A-7ACB-42C8-855F-878623AF725E}.Debug|Any CPU.ActiveCfg = Debug|Any CPU
		{5C37025A-7ACB-42C8-855F-878623AF725E}.Debug|Any CPU.Build.0 = Debug|Any CPU
		{5C37025A-7ACB-42C8-855F-878623AF725E}.Release|Any CPU.ActiveCfg = Release|Any CPU
		{5C37025A-7ACB-42C8-855F-878623AF725E}.Release|Any CPU.Build.0 = Release|Any CPU
	EndGlobalSection
	GlobalSection(SolutionProperties) = preSolution
		HideSolutionNode = FALSE
	EndGlobalSection
	GlobalSection(ExtensibilityGlobals) = postSolution
		SolutionGuid = {281F30E3-FC3A-40E5-BF33-10793B3BEAEA}
	EndGlobalSection
EndGlobal
