
Microsoft Visual Studio Solution File, Format Version 12.00
# Visual Studio Version 16
VisualStudioVersion = 25.0.1704.0
MinimumVisualStudioVersion = 10.0.40219.1
Project("{FAE04EC0-301F-11D3-BF4B-00C04F79EFBC}") = "tipovacka", "tipovacka\tipovacka.csproj", "{9E837C3B-7082-42D7-983D-C31944501AD1}"
EndProject
Global
	GlobalSection(SolutionConfigurationPlatforms) = preSolution
		Debug|Any CPU = Debug|Any CPU
		Release|Any CPU = Release|Any CPU
	EndGlobalSection
	GlobalSection(ProjectConfigurationPlatforms) = postSolution
		{9E837C3B-7082-42D7-983D-C31944501AD1}.Debug|Any CPU.ActiveCfg = Debug|Any CPU
		{9E837C3B-7082-42D7-983D-C31944501AD1}.Debug|Any CPU.Build.0 = Debug|Any CPU
		{9E837C3B-7082-42D7-983D-C31944501AD1}.Release|Any CPU.ActiveCfg = Release|Any CPU
		{9E837C3B-7082-42D7-983D-C31944501AD1}.Release|Any CPU.Build.0 = Release|Any CPU
	EndGlobalSection
	GlobalSection(SolutionProperties) = preSolution
		HideSolutionNode = FALSE
	EndGlobalSection
	GlobalSection(ExtensibilityGlobals) = postSolution
		SolutionGuid = {1B0D9170-E525-4AE8-84C3-87B6BBADD264}
	EndGlobalSection
EndGlobal
